PODS:
  - RevealingSplashView (0.6.0)
  - SDWebImage (5.11.1):
    - SDWebImage/Core (= 5.11.1)
  - SDWebImage/Core (5.11.1)
  - TinyConstraints (4.0.1)

DEPENDENCIES:
  - RevealingSplashView
  - SDWebImage
  - TinyConstraints

SPEC REPOS:
  trunk:
    - RevealingSplashView
    - SDWebImage
    - TinyConstraints

SPEC CHECKSUMS:
  RevealingSplashView: 40c5a770894459736acdc95655eeba0dd30ce91c
  SDWebImage: a7f831e1a65eb5e285e3fb046a23fcfbf08e696d
  TinyConstraints: 8dd91295e56797648c7bc335dd20e1d91ec4c192

PODFILE CHECKSUM: ca54ff937a02a8442ef0f590bcbf6eabf14d91bd

COCOAPODS: 1.9.3
